
Microsoft Visual Studio Solution File, Format Version 12.00
# Visual Studio 15
VisualStudioVersion = 15.0.27004.2006
MinimumVisualStudioVersion = 10.0.40219.1
Project("{FAE04EC0-301F-11D3-BF4B-00C04F79EFBC}") = "AgeRangerTestSuite", "AgeRangerAutomationSuite\AgeRangerTestSuite.csproj", "{E82ADCC4-BD7A-4659-8B5F-7A79B0C4B25C}"
EndProject
Global
	GlobalSection(SolutionConfigurationPlatforms) = preSolution
		Debug|Any CPU = Debug|Any CPU
		Release|Any CPU = Release|Any CPU
	EndGlobalSection
	GlobalSection(ProjectConfigurationPlatforms) = postSolution
		{E82ADCC4-BD7A-4659-8B5F-7A79B0C4B25C}.Debug|Any CPU.ActiveCfg = Debug|Any CPU
		{E82ADCC4-BD7A-4659-8B5F-7A79B0C4B25C}.Debug|Any CPU.Build.0 = Debug|Any CPU
		{E82ADCC4-BD7A-4659-8B5F-7A79B0C4B25C}.Release|Any CPU.ActiveCfg = Release|Any CPU
		{E82ADCC4-BD7A-4659-8B5F-7A79B0C4B25C}.Release|Any CPU.Build.0 = Release|Any CPU
	EndGlobalSection
	GlobalSection(SolutionProperties) = preSolution
		HideSolutionNode = FALSE
	EndGlobalSection
	GlobalSection(ExtensibilityGlobals) = postSolution
		SolutionGuid = {B5261534-D330-41DE-894F-1FB189C09E64}
	EndGlobalSection
EndGlobal
